
Microsoft Visual Studio Solution File, Format Version 12.00
# Visual Studio Version 17
VisualStudioVersion = 17.11.35222.181
MinimumVisualStudioVersion = 10.0.40219.1
Project("{FAE04EC0-301F-11D3-BF4B-00C04F79EFBC}") = "Sum3numInArray", "Sum3numInArray.csproj", "{466E4355-771F-4A85-A502-D472E604D72B}"
EndProject
Global
	GlobalSection(SolutionConfigurationPlatforms) = preSolution
		Debug|Any CPU = Debug|Any CPU
		Release|Any CPU = Release|Any CPU
	EndGlobalSection
	GlobalSection(ProjectConfigurationPlatforms) = postSolution
		{466E4355-771F-4A85-A502-D472E604D72B}.Debug|Any CPU.ActiveCfg = Debug|Any CPU
		{466E4355-771F-4A85-A502-D472E604D72B}.Debug|Any CPU.Build.0 = Debug|Any CPU
		{466E4355-771F-4A85-A502-D472E604D72B}.Release|Any CPU.ActiveCfg = Release|Any CPU
		{466E4355-771F-4A85-A502-D472E604D72B}.Release|Any CPU.Build.0 = Release|Any CPU
	EndGlobalSection
	GlobalSection(SolutionProperties) = preSolution
		HideSolutionNode = FALSE
	EndGlobalSection
	GlobalSection(ExtensibilityGlobals) = postSolution
		SolutionGuid = {9B65D090-A234-47D0-8368-CCAB126DA585}
	EndGlobalSection
EndGlobal
